// !$*UTF8*$!
{
	archiveVersion = 1;
	classes = {
	};
	objectVersion = 56;
	objects = {

/* Begin PBXBuildFile section */
		B623C3522AAC948000FC08B5 /* Assets.xcassets in Resources */ = {isa = PBXBuildFile; fileRef = B623C3512AAC948000FC08B5 /* Assets.xcassets */; };
		B66C7D542A7504F7001F3193 /* Calculations.swift in Sources */ = {isa = PBXBuildFile; fileRef = B66C7D532A7504F7001F3193 /* Calculations.swift */; };
		B66C7D562A750945001F3193 /* SavingViewModel.swift in Sources */ = {isa = PBXBuildFile; fileRef = B66C7D552A750945001F3193 /* SavingViewModel.swift */; };
		B66C7D582A754142001F3193 /* NumericField.swift in Sources */ = {isa = PBXBuildFile; fileRef = B66C7D572A754142001F3193 /* NumericField.swift */; };
		B66C7D5B2A75979A001F3193 /* AmotizationView.swift in Sources */ = {isa = PBXBuildFile; fileRef = B66C7D5A2A75979A001F3193 /* AmotizationView.swift */; };
		B66C7D632A763329001F3193 /* DataController.swift in Sources */ = {isa = PBXBuildFile; fileRef = B66C7D622A763329001F3193 /* DataController.swift */; };
		B66C7D672A763B6B001F3193 /* FlashFinCal.xcdatamodeld in Sources */ = {isa = PBXBuildFile; fileRef = B66C7D642A763677001F3193 /* FlashFinCal.xcdatamodeld */; };
		B66C7D692A76B1E3001F3193 /* LoanHistoryView.swift in Sources */ = {isa = PBXBuildFile; fileRef = B66C7D682A76B1E2001F3193 /* LoanHistoryView.swift */; };
		B66C7D6B2A76B320001F3193 /* LoanPaymentView.swift in Sources */ = {isa = PBXBuildFile; fileRef = B66C7D6A2A76B320001F3193 /* LoanPaymentView.swift */; };
		B66C7D732A76C44B001F3193 /* HelpText.swift in Sources */ = {isa = PBXBuildFile; fileRef = B66C7D722A76C44B001F3193 /* HelpText.swift */; };
		B69539C62A6CEC5200AEAA15 /* FlashFinCalApp.swift in Sources */ = {isa = PBXBuildFile; fileRef = B69539C52A6CEC5200AEAA15 /* FlashFinCalApp.swift */; };
		B69539C82A6CEC5200AEAA15 /* ContentView.swift in Sources */ = {isa = PBXBuildFile; fileRef = B69539C72A6CEC5200AEAA15 /* ContentView.swift */; };
		B69539CD2A6CEC5300AEAA15 /* Preview Assets.xcassets in Resources */ = {isa = PBXBuildFile; fileRef = B69539CC2A6CEC5300AEAA15 /* Preview Assets.xcassets */; };
		B69539D42A6D8A5300AEAA15 /* HomeScreen.swift in Sources */ = {isa = PBXBuildFile; fileRef = B69539D32A6D8A5300AEAA15 /* HomeScreen.swift */; };
		B69539D62A6D8CFA00AEAA15 /* Saving.swift in Sources */ = {isa = PBXBuildFile; fileRef = B69539D52A6D8CFA00AEAA15 /* Saving.swift */; };
		B69539D82A6D8D1200AEAA15 /* Loan.swift in Sources */ = {isa = PBXBuildFile; fileRef = B69539D72A6D8D1200AEAA15 /* Loan.swift */; };
		B69539DA2A6D8D2200AEAA15 /* Mortgage.swift in Sources */ = {isa = PBXBuildFile; fileRef = B69539D92A6D8D2200AEAA15 /* Mortgage.swift */; };
		B69539DE2A6D8D3900AEAA15 /* HelpView.swift in Sources */ = {isa = PBXBuildFile; fileRef = B69539DD2A6D8D3900AEAA15 /* HelpView.swift */; };
		B69539E02A6D922D00AEAA15 /* SavingHistoryView.swift in Sources */ = {isa = PBXBuildFile; fileRef = B69539DF2A6D922D00AEAA15 /* SavingHistoryView.swift */; };
/* End PBXBuildFile section */

/* Begin PBXFileReference section */
		B623C3512AAC948000FC08B5 /* Assets.xcassets */ = {isa = PBXFileReference; lastKnownFileType = folder.assetcatalog; path = Assets.xcassets; sourceTree = "<group>"; };
		B66C7D532A7504F7001F3193 /* Calculations.swift */ = {isa = PBXFileReference; lastKnownFileType = sourcecode.swift; path = Calculations.swift; sourceTree = "<group>"; };
		B66C7D552A750945001F3193 /* SavingViewModel.swift */ = {isa = PBXFileReference; lastKnownFileType = sourcecode.swift; path = SavingViewModel.swift; sourceTree = "<group>"; };
		B66C7D572A754142001F3193 /* NumericField.swift */ = {isa = PBXFileReference; lastKnownFileType = sourcecode.swift; path = NumericField.swift; sourceTree = "<group>"; };
		B66C7D592A754E5A001F3193 /* Info.plist */ = {isa = PBXFileReference; lastKnownFileType = text.plist; path = Info.plist; sourceTree = "<group>"; };
		B66C7D5A2A75979A001F3193 /* AmotizationView.swift */ = {isa = PBXFileReference; lastKnownFileType = sourcecode.swift; path = AmotizationView.swift; sourceTree = "<group>"; };
		B66C7D622A763329001F3193 /* DataController.swift */ = {isa = PBXFileReference; lastKnownFileType = sourcecode.swift; path = DataController.swift; sourceTree = "<group>"; };
		B66C7D652A763677001F3193 /* FlashFinCal.xcdatamodel */ = {isa = PBXFileReference; lastKnownFileType = wrapper.xcdatamodel; path = FlashFinCal.xcdatamodel; sourceTree = "<group>"; };
		B66C7D682A76B1E2001F3193 /* LoanHistoryView.swift */ = {isa = PBXFileReference; lastKnownFileType = sourcecode.swift; path = LoanHistoryView.swift; sourceTree = "<group>"; };
		B66C7D6A2A76B320001F3193 /* LoanPaymentView.swift */ = {isa = PBXFileReference; lastKnownFileType = sourcecode.swift; path = LoanPaymentView.swift; sourceTree = "<group>"; };
		B66C7D722A76C44B001F3193 /* HelpText.swift */ = {isa = PBXFileReference; lastKnownFileType = sourcecode.swift; path = HelpText.swift; sourceTree = "<group>"; };
		B69539C22A6CEC5200AEAA15 /* FlashFinCal.app */ = {isa = PBXFileReference; explicitFileType = wrapper.application; includeInIndex = 0; path = FlashFinCal.app; sourceTree = BUILT_PRODUCTS_DIR; };
		B69539C52A6CEC5200AEAA15 /* FlashFinCalApp.swift */ = {isa = PBXFileReference; lastKnownFileType = sourcecode.swift; path = FlashFinCalApp.swift; sourceTree = "<group>"; };
		B69539C72A6CEC5200AEAA15 /* ContentView.swift */ = {isa = PBXFileReference; lastKnownFileType = sourcecode.swift; path = ContentView.swift; sourceTree = "<group>"; };
		B69539CC2A6CEC5300AEAA15 /* Preview Assets.xcassets */ = {isa = PBXFileReference; lastKnownFileType = folder.assetcatalog; path = "Preview Assets.xcassets"; sourceTree = "<group>"; };
		B69539D32A6D8A5300AEAA15 /* HomeScreen.swift */ = {isa = PBXFileReference; lastKnownFileType = sourcecode.swift; path = HomeScreen.swift; sourceTree = "<group>"; };
		B69539D52A6D8CFA00AEAA15 /* Saving.swift */ = {isa = PBXFileReference; lastKnownFileType = sourcecode.swift; path = Saving.swift; sourceTree = "<group>"; };
		B69539D72A6D8D1200AEAA15 /* Loan.swift */ = {isa = PBXFileReference; lastKnownFileType = sourcecode.swift; path = Loan.swift; sourceTree = "<group>"; };
		B69539D92A6D8D2200AEAA15 /* Mortgage.swift */ = {isa = PBXFileReference; lastKnownFileType = sourcecode.swift; path = Mortgage.swift; sourceTree = "<group>"; };
		B69539DD2A6D8D3900AEAA15 /* HelpView.swift */ = {isa = PBXFileReference; lastKnownFileType = sourcecode.swift; path = HelpView.swift; sourceTree = "<group>"; };
		B69539DF2A6D922D00AEAA15 /* SavingHistoryView.swift */ = {isa = PBXFileReference; lastKnownFileType = sourcecode.swift; path = SavingHistoryView.swift; sourceTree = "<group>"; };
/* End PBXFileReference section */

/* Begin PBXFrameworksBuildPhase section */
		B69539BF2A6CEC5200AEAA15 /* Frameworks */ = {
			isa = PBXFrameworksBuildPhase;
			buildActionMask = 2147483647;
			files = (
			);
			runOnlyForDeploymentPostprocessing = 0;
		};
/* End PBXFrameworksBuildPhase section */

/* Begin PBXGroup section */
		B623C3502AAC92DE00FC08B5 /* Models */ = {
			isa = PBXGroup;
			children = (
			);
			path = Models;
			sourceTree = "<group>";
		};
		B66C7D742A76D0FB001F3193 /* CoreData */ = {
			isa = PBXGroup;
			children = (
				B66C7D642A763677001F3193 /* FlashFinCal.xcdatamodeld */,
				B66C7D622A763329001F3193 /* DataController.swift */,
			);
			path = CoreData;
			sourceTree = "<group>";
		};
		B66C7D752A76D12C001F3193 /* Saving */ = {
			isa = PBXGroup;
			children = (
				B66C7D5A2A75979A001F3193 /* AmotizationView.swift */,
				B69539D52A6D8CFA00AEAA15 /* Saving.swift */,
				B69539DF2A6D922D00AEAA15 /* SavingHistoryView.swift */,
				B66C7D552A750945001F3193 /* SavingViewModel.swift */,
			);
			path = Saving;
			sourceTree = "<group>";
		};
		B66C7D762A76D136001F3193 /* Loan */ = {
			isa = PBXGroup;
			children = (
				B69539D72A6D8D1200AEAA15 /* Loan.swift */,
				B66C7D682A76B1E2001F3193 /* LoanHistoryView.swift */,
				B66C7D6A2A76B320001F3193 /* LoanPaymentView.swift */,
			);
			path = Loan;
			sourceTree = "<group>";
		};
		B66C7D772A76D13D001F3193 /* Mortgage */ = {
			isa = PBXGroup;
			children = (
				B69539D92A6D8D2200AEAA15 /* Mortgage.swift */,
			);
			path = Mortgage;
			sourceTree = "<group>";
		};
		B66C7D782A76D184001F3193 /* Uitlity */ = {
			isa = PBXGroup;
			children = (
				B66C7D532A7504F7001F3193 /* Calculations.swift */,
				B69539DD2A6D8D3900AEAA15 /* HelpView.swift */,
				B66C7D722A76C44B001F3193 /* HelpText.swift */,
			);
			path = Uitlity;
			sourceTree = "<group>";
		};
		B66C7D792A76D1AA001F3193 /* SharedViews */ = {
			isa = PBXGroup;
			children = (
				B66C7D572A754142001F3193 /* NumericField.swift */,
			);
			path = SharedViews;
			sourceTree = "<group>";
		};
		B69539B92A6CEC5200AEAA15 = {
			isa = PBXGroup;
			children = (
				B623C3512AAC948000FC08B5 /* Assets.xcassets */,
				B69539C42A6CEC5200AEAA15 /* FlashFinCal */,
				B69539C32A6CEC5200AEAA15 /* Products */,
			);
			sourceTree = "<group>";
		};
		B69539C32A6CEC5200AEAA15 /* Products */ = {
			isa = PBXGroup;
			children = (
				B69539C22A6CEC5200AEAA15 /* FlashFinCal.app */,
			);
			name = Products;
			sourceTree = "<group>";
		};
		B69539C42A6CEC5200AEAA15 /* FlashFinCal */ = {
			isa = PBXGroup;
			children = (
				B623C3502AAC92DE00FC08B5 /* Models */,
				B66C7D792A76D1AA001F3193 /* SharedViews */,
				B66C7D782A76D184001F3193 /* Uitlity */,
				B66C7D772A76D13D001F3193 /* Mortgage */,
				B66C7D762A76D136001F3193 /* Loan */,
				B66C7D752A76D12C001F3193 /* Saving */,
				B66C7D742A76D0FB001F3193 /* CoreData */,
				B66C7D592A754E5A001F3193 /* Info.plist */,
				B69539C52A6CEC5200AEAA15 /* FlashFinCalApp.swift */,
				B69539C72A6CEC5200AEAA15 /* ContentView.swift */,
				B69539D32A6D8A5300AEAA15 /* HomeScreen.swift */,
				B69539CB2A6CEC5300AEAA15 /* Preview Content */,
			);
			path = FlashFinCal;
			sourceTree = "<group>";
		};
		B69539CB2A6CEC5300AEAA15 /* Preview Content */ = {
			isa = PBXGroup;
			children = (
				B69539CC2A6CEC5300AEAA15 /* Preview Assets.xcassets */,
			);
			path = "Preview Content";
			sourceTree = "<group>";
		};
/* End PBXGroup section */

/* Begin PBXNativeTarget section */
		B69539C12A6CEC5200AEAA15 /* FlashFinCal */ = {
			isa = PBXNativeTarget;
			buildConfigurationList = B69539D02A6CEC5300AEAA15 /* Build configuration list for PBXNativeTarget "FlashFinCal" */;
			buildPhases = (
				B69539BE2A6CEC5200AEAA15 /* Sources */,
				B69539BF2A6CEC5200AEAA15 /* Frameworks */,
				B69539C02A6CEC5200AEAA15 /* Resources */,
			);
			buildRules = (
			);
			dependencies = (
			);
			name = FlashFinCal;
			productName = FlashFinCal;
			productReference = B69539C22A6CEC5200AEAA15 /* FlashFinCal.app */;
			productType = "com.apple.product-type.application";
		};
/* End PBXNativeTarget section */

/* Begin PBXProject section */
		B69539BA2A6CEC5200AEAA15 /* Project object */ = {
			isa = PBXProject;
			attributes = {
				BuildIndependentTargetsInParallel = 1;
				LastSwiftUpdateCheck = 1430;
				LastUpgradeCheck = 1430;
				TargetAttributes = {
					B69539C12A6CEC5200AEAA15 = {
						CreatedOnToolsVersion = 14.3.1;
					};
				};
			};
			buildConfigurationList = B69539BD2A6CEC5200AEAA15 /* Build configuration list for PBXProject "FlashFinCal" */;
			compatibilityVersion = "Xcode 14.0";
			developmentRegion = en;
			hasScannedForEncodings = 0;
			knownRegions = (
				en,
				Base,
			);
			mainGroup = B69539B92A6CEC5200AEAA15;
			productRefGroup = B69539C32A6CEC5200AEAA15 /* Products */;
			projectDirPath = "";
			projectRoot = "";
			targets = (
				B69539C12A6CEC5200AEAA15 /* FlashFinCal */,
			);
		};
/* End PBXProject section */

/* Begin PBXResourcesBuildPhase section */
		B69539C02A6CEC5200AEAA15 /* Resources */ = {
			isa = PBXResourcesBuildPhase;
			buildActionMask = 2147483647;
			files = (
				B623C3522AAC948000FC08B5 /* Assets.xcassets in Resources */,
				B69539CD2A6CEC5300AEAA15 /* Preview Assets.xcassets in Resources */,
			);
			runOnlyForDeploymentPostprocessing = 0;
		};
/* End PBXResourcesBuildPhase section */

/* Begin PBXSourcesBuildPhase section */
		B69539BE2A6CEC5200AEAA15 /* Sources */ = {
			isa = PBXSourcesBuildPhase;
			buildActionMask = 2147483647;
			files = (
				B66C7D5B2A75979A001F3193 /* AmotizationView.swift in Sources */,
				B69539D42A6D8A5300AEAA15 /* HomeScreen.swift in Sources */,
				B66C7D562A750945001F3193 /* SavingViewModel.swift in Sources */,
				B66C7D582A754142001F3193 /* NumericField.swift in Sources */,
				B66C7D732A76C44B001F3193 /* HelpText.swift in Sources */,
				B69539D82A6D8D1200AEAA15 /* Loan.swift in Sources */,
				B66C7D542A7504F7001F3193 /* Calculations.swift in Sources */,
				B66C7D692A76B1E3001F3193 /* LoanHistoryView.swift in Sources */,
				B69539D62A6D8CFA00AEAA15 /* Saving.swift in Sources */,
				B69539C82A6CEC5200AEAA15 /* ContentView.swift in Sources */,
				B66C7D632A763329001F3193 /* DataController.swift in Sources */,
				B66C7D672A763B6B001F3193 /* FlashFinCal.xcdatamodeld in Sources */,
				B69539DE2A6D8D3900AEAA15 /* HelpView.swift in Sources */,
				B69539DA2A6D8D2200AEAA15 /* Mortgage.swift in Sources */,
				B69539E02A6D922D00AEAA15 /* SavingHistoryView.swift in Sources */,
				B69539C62A6CEC5200AEAA15 /* FlashFinCalApp.swift in Sources */,
				B66C7D6B2A76B320001F3193 /* LoanPaymentView.swift in Sources */,
			);
			runOnlyForDeploymentPostprocessing = 0;
		};
/* End PBXSourcesBuildPhase section */

/* Begin XCBuildConfiguration section */
		B69539CE2A6CEC5300AEAA15 /* Debug */ = {
			isa = XCBuildConfiguration;
			buildSettings = {
				ALWAYS_SEARCH_USER_PATHS = NO;
				CLANG_ANALYZER_NONNULL = YES;
				CLANG_ANALYZER_NUMBER_OBJECT_CONVERSION = YES_AGGRESSIVE;
				CLANG_CXX_LANGUAGE_STANDARD = "gnu++20";
				CLANG_ENABLE_MODULES = YES;
				CLANG_ENABLE_OBJC_ARC = YES;
				CLANG_ENABLE_OBJC_WEAK = YES;
				CLANG_WARN_BLOCK_CAPTURE_AUTORELEASING = YES;
				CLANG_WARN_BOOL_CONVERSION = YES;
				CLANG_WARN_COMMA = YES;
				CLANG_WARN_CONSTANT_CONVERSION = YES;
				CLANG_WARN_DEPRECATED_OBJC_IMPLEMENTATIONS = YES;
				CLANG_WARN_DIRECT_OBJC_ISA_USAGE = YES_ERROR;
				CLANG_WARN_DOCUMENTATION_COMMENTS = YES;
				CLANG_WARN_EMPTY_BODY = YES;
				CLANG_WARN_ENUM_CONVERSION = YES;
				CLANG_WARN_INFINITE_RECURSION = YES;
				CLANG_WARN_INT_CONVERSION = YES;
				CLANG_WARN_NON_LITERAL_NULL_CONVERSION = YES;
				CLANG_WARN_OBJC_IMPLICIT_RETAIN_SELF = YES;
				CLANG_WARN_OBJC_LITERAL_CONVERSION = YES;
				CLANG_WARN_OBJC_ROOT_CLASS = YES_ERROR;
				CLANG_WARN_QUOTED_INCLUDE_IN_FRAMEWORK_HEADER = YES;
				CLANG_WARN_RANGE_LOOP_ANALYSIS = YES;
				CLANG_WARN_STRICT_PROTOTYPES = YES;
				CLANG_WARN_SUSPICIOUS_MOVE = YES;
				CLANG_WARN_UNGUARDED_AVAILABILITY = YES_AGGRESSIVE;
				CLANG_WARN_UNREACHABLE_CODE = YES;
				CLANG_WARN__DUPLICATE_METHOD_MATCH = YES;
				COPY_PHASE_STRIP = NO;
				DEBUG_INFORMATION_FORMAT = dwarf;
				ENABLE_STRICT_OBJC_MSGSEND = YES;
				ENABLE_TESTABILITY = YES;
				GCC_C_LANGUAGE_STANDARD = gnu11;
				GCC_DYNAMIC_NO_PIC = NO;
				GCC_NO_COMMON_BLOCKS = YES;
				GCC_OPTIMIZATION_LEVEL = 0;
				GCC_PREPROCESSOR_DEFINITIONS = (
					"DEBUG=1",
					"$(inherited)",
				);
				GCC_WARN_64_TO_32_BIT_CONVERSION = YES;
				GCC_WARN_ABOUT_RETURN_TYPE = YES_ERROR;
				GCC_WARN_UNDECLARED_SELECTOR = YES;
				GCC_WARN_UNINITIALIZED_AUTOS = YES_AGGRESSIVE;
				GCC_WARN_UNUSED_FUNCTION = YES;
				GCC_WARN_UNUSED_VARIABLE = YES;
				IPHONEOS_DEPLOYMENT_TARGET = 16.4;
				MTL_ENABLE_DEBUG_INFO = INCLUDE_SOURCE;
				MTL_FAST_MATH = YES;
				ONLY_ACTIVE_ARCH = YES;
				SDKROOT = iphoneos;
				SWIFT_ACTIVE_COMPILATION_CONDITIONS = DEBUG;
				SWIFT_OPTIMIZATION_LEVEL = "-Onone";
			};
			name = Debug;
		};
		B69539CF2A6CEC5300AEAA15 /* Release */ = {
			isa = XCBuildConfiguration;
			buildSettings = {
				ALWAYS_SEARCH_USER_PATHS = NO;
				CLANG_ANALYZER_NONNULL = YES;
				CLANG_ANALYZER_NUMBER_OBJECT_CONVERSION = YES_AGGRESSIVE;
				CLANG_CXX_LANGUAGE_STANDARD = "gnu++20";
				CLANG_ENABLE_MODULES = YES;
				CLANG_ENABLE_OBJC_ARC = YES;
				CLANG_ENABLE_OBJC_WEAK = YES;
				CLANG_WARN_BLOCK_CAPTURE_AUTORELEASING = YES;
				CLANG_WARN_BOOL_CONVERSION = YES;
				CLANG_WARN_COMMA = YES;
				CLANG_WARN_CONSTANT_CONVERSION = YES;
				CLANG_WARN_DEPRECATED_OBJC_IMPLEMENTATIONS = YES;
				CLANG_WARN_DIRECT_OBJC_ISA_USAGE = YES_ERROR;
				CLANG_WARN_DOCUMENTATION_COMMENTS = YES;
				CLANG_WARN_EMPTY_BODY = YES;
				CLANG_WARN_ENUM_CONVERSION = YES;
				CLANG_WARN_INFINITE_RECURSION = YES;
				CLANG_WARN_INT_CONVERSION = YES;
				CLANG_WARN_NON_LITERAL_NULL_CONVERSION = YES;
				CLANG_WARN_OBJC_IMPLICIT_RETAIN_SELF = YES;
				CLANG_WARN_OBJC_LITERAL_CONVERSION = YES;
				CLANG_WARN_OBJC_ROOT_CLASS = YES_ERROR;
				CLANG_WARN_QUOTED_INCLUDE_IN_FRAMEWORK_HEADER = YES;
				CLANG_WARN_RANGE_LOOP_ANALYSIS = YES;
				CLANG_WARN_STRICT_PROTOTYPES = YES;
				CLANG_WARN_SUSPICIOUS_MOVE = YES;
				CLANG_WARN_UNGUARDED_AVAILABILITY = YES_AGGRESSIVE;
				CLANG_WARN_UNREACHABLE_CODE = YES;
				CLANG_WARN__DUPLICATE_METHOD_MATCH = YES;
				COPY_PHASE_STRIP = NO;
				DEBUG_INFORMATION_FORMAT = "dwarf-with-dsym";
				ENABLE_NS_ASSERTIONS = NO;
				ENABLE_STRICT_OBJC_MSGSEND = YES;
				GCC_C_LANGUAGE_STANDARD = gnu11;
				GCC_NO_COMMON_BLOCKS = YES;
				GCC_WARN_64_TO_32_BIT_CONVERSION = YES;
				GCC_WARN_ABOUT_RETURN_TYPE = YES_ERROR;
				GCC_WARN_UNDECLARED_SELECTOR = YES;
				GCC_WARN_UNINITIALIZED_AUTOS = YES_AGGRESSIVE;
				GCC_WARN_UNUSED_FUNCTION = YES;
				GCC_WARN_UNUSED_VARIABLE = YES;
				IPHONEOS_DEPLOYMENT_TARGET = 16.4;
				MTL_ENABLE_DEBUG_INFO = NO;
				MTL_FAST_MATH = YES;
				SDKROOT = iphoneos;
				SWIFT_COMPILATION_MODE = wholemodule;
				SWIFT_OPTIMIZATION_LEVEL = "-O";
				VALIDATE_PRODUCT = YES;
			};
			name = Release;
		};
		B69539D12A6CEC5300AEAA15 /* Debug */ = {
			isa = XCBuildConfiguration;
			buildSettings = {
				ASSETCATALOG_COMPILER_APPICON_NAME = AppIcon;
				ASSETCATALOG_COMPILER_GLOBAL_ACCENT_COLOR_NAME = AccentColor;
				CODE_SIGN_STYLE = Automatic;
				CURRENT_PROJECT_VERSION = 1;
				DEVELOPMENT_ASSET_PATHS = "\"FlashFinCal/Preview Content\"";
				DEVELOPMENT_TEAM = Q45MVWWV24;
				ENABLE_PREVIEWS = YES;
				GENERATE_INFOPLIST_FILE = YES;
				INFOPLIST_FILE = FlashFinCal/Info.plist;
				INFOPLIST_KEY_UIApplicationSupportsIndirectInputEvents = YES;
				INFOPLIST_KEY_UILaunchScreen_Generation = YES;
				INFOPLIST_KEY_UISupportedInterfaceOrientations_iPad = "UIInterfaceOrientationPortrait UIInterfaceOrientationPortraitUpsideDown UIInterfaceOrientationLandscapeLeft UIInterfaceOrientationLandscapeRight";
				INFOPLIST_KEY_UISupportedInterfaceOrientations_iPhone = "UIInterfaceOrientationPortrait UIInterfaceOrientationLandscapeLeft UIInterfaceOrientationLandscapeRight";
				LD_RUNPATH_SEARCH_PATHS = (
					"$(inherited)",
					"@executable_path/Frameworks",
				);
				MARKETING_VERSION = 1.0;
				PRODUCT_BUNDLE_IDENTIFIER = kalinga.gayan.FlashFinCal;
				PRODUCT_NAME = "$(TARGET_NAME)";
				SWIFT_EMIT_LOC_STRINGS = YES;
				SWIFT_VERSION = 5.0;
				TARGETED_DEVICE_FAMILY = "1,2";
			};
			name = Debug;
		};
		B69539D22A6CEC5300AEAA15 /* Release */ = {
			isa = XCBuildConfiguration;
			buildSettings = {
				ASSETCATALOG_COMPILER_APPICON_NAME = AppIcon;
				ASSETCATALOG_COMPILER_GLOBAL_ACCENT_COLOR_NAME = AccentColor;
				CODE_SIGN_STYLE = Automatic;
				CURRENT_PROJECT_VERSION = 1;
				DEVELOPMENT_ASSET_PATHS = "\"FlashFinCal/Preview Content\"";
				DEVELOPMENT_TEAM = Q45MVWWV24;
				ENABLE_PREVIEWS = YES;
				GENERATE_INFOPLIST_FILE = YES;
				INFOPLIST_FILE = FlashFinCal/Info.plist;
				INFOPLIST_KEY_UIApplicationSupportsIndirectInputEvents = YES;
				INFOPLIST_KEY_UILaunchScreen_Generation = YES;
				INFOPLIST_KEY_UISupportedInterfaceOrientations_iPad = "UIInterfaceOrientationPortrait UIInterfaceOrientationPortraitUpsideDown UIInterfaceOrientationLandscapeLeft UIInterfaceOrientationLandscapeRight";
				INFOPLIST_KEY_UISupportedInterfaceOrientations_iPhone = "UIInterfaceOrientationPortrait UIInterfaceOrientationLandscapeLeft UIInterfaceOrientationLandscapeRight";
				LD_RUNPATH_SEARCH_PATHS = (
					"$(inherited)",
					"@executable_path/Frameworks",
				);
				MARKETING_VERSION = 1.0;
				PRODUCT_BUNDLE_IDENTIFIER = kalinga.gayan.FlashFinCal;
				PRODUCT_NAME = "$(TARGET_NAME)";
				SWIFT_EMIT_LOC_STRINGS = YES;
				SWIFT_VERSION = 5.0;
				TARGETED_DEVICE_FAMILY = "1,2";
			};
			name = Release;
		};
/* End XCBuildConfiguration section */

/* Begin XCConfigurationList section */
		B69539BD2A6CEC5200AEAA15 /* Build configuration list for PBXProject "FlashFinCal" */ = {
			isa = XCConfigurationList;
			buildConfigurations = (
				B69539CE2A6CEC5300AEAA15 /* Debug */,
				B69539CF2A6CEC5300AEAA15 /* Release */,
			);
			defaultConfigurationIsVisible = 0;
			defaultConfigurationName = Release;
		};
		B69539D02A6CEC5300AEAA15 /* Build configuration list for PBXNativeTarget "FlashFinCal" */ = {
			isa = XCConfigurationList;
			buildConfigurations = (
				B69539D12A6CEC5300AEAA15 /* Debug */,
				B69539D22A6CEC5300AEAA15 /* Release */,
			);
			defaultConfigurationIsVisible = 0;
			defaultConfigurationName = Release;
		};
/* End XCConfigurationList section */

/* Begin XCVersionGroup section */
		B66C7D642A763677001F3193 /* FlashFinCal.xcdatamodeld */ = {
			isa = XCVersionGroup;
			children = (
				B66C7D652A763677001F3193 /* FlashFinCal.xcdatamodel */,
			);
			currentVersion = B66C7D652A763677001F3193 /* FlashFinCal.xcdatamodel */;
			path = FlashFinCal.xcdatamodeld;
			sourceTree = "<group>";
			versionGroupType = wrapper.xcdatamodel;
		};
/* End XCVersionGroup section */
	};
	rootObject = B69539BA2A6CEC5200AEAA15 /* Project object */;
}
